<?xml version="1.0" encoding="utf-8"?>
<Project ToolsVersion="4.0" xmlns="http://schemas.microsoft.com/developer/msbuild/2003">
  <ItemGroup>
    <Filter Include="源文件">
      <UniqueIdentifier>{4FC737F1-C7A5-4376-A066-2A32D752A2FF}</UniqueIdentifier>
      <Extensions>cpp;c;cc;cxx;def;odl;idl;hpj;bat;asm;asmx</Extensions>
    </Filter>
    <Filter Include="头文件">
      <UniqueIdentifier>{93995380-89BD-4b04-88EB-625FBE52EBFB}</UniqueIdentifier>
      <Extensions>h;hpp;hxx;hm;inl;inc;xsd</Extensions>
    </Filter>
    <Filter Include="资源文件">
      <UniqueIdentifier>{67DA6AB6-F800-4c08-8B7A-83BB121AAD01}</UniqueIdentifier>
      <Extensions>rc;ico;cur;bmp;dlg;rc2;rct;bin;rgs;gif;jpg;jpeg;jpe;resx;tiff;tif;png;wav;mfcribbon-ms</Extensions>
    </Filter>
    <Filter Include="数据库操作类">
      <UniqueIdentifier>{a1b8a5e7-0019-4c5f-b971-43b0095905dd}</UniqueIdentifier>
    </Filter>
    <Filter Include="工具类">
      <UniqueIdentifier>{0998e1fe-5e8d-41b5-94b0-c91063e73f42}</UniqueIdentifier>
    </Filter>
    <Filter Include="业务逻辑类">
      <UniqueIdentifier>{acc8634c-0520-45b4-8c80-4db406e8a3df}</UniqueIdentifier>
    </Filter>
    <Filter Include="全局设置类">
      <UniqueIdentifier>{839e89e9-9e4d-4217-bb0e-4eb319d826cb}</UniqueIdentifier>
    </Filter>
  </ItemGroup>
  <ItemGroup>
    <Text Include="ReadMe.txt" />
  </ItemGroup>
  <ItemGroup>
    <ClInclude Include="BuddyDesk.h">
      <Filter>头文件</Filter>
    </ClInclude>
    <ClInclude Include="stdafx.h">
      <Filter>头文件</Filter>
    </ClInclude>
    <ClInclude Include="targetver.h">
      <Filter>头文件</Filter>
    </ClInclude>
    <ClInclude Include="MainFrm.h">
      <Filter>头文件</Filter>
    </ClInclude>
    <ClInclude Include="ChildFrm.h">
      <Filter>头文件</Filter>
    </ClInclude>
    <ClInclude Include="BuddyDeskDoc.h">
      <Filter>头文件</Filter>
    </ClInclude>
    <ClInclude Include="BuddyDeskView.h">
      <Filter>头文件</Filter>
    </ClInclude>
    <ClInclude Include="Resource.h">
      <Filter>头文件</Filter>
    </ClInclude>
    <ClInclude Include="FileView.h">
      <Filter>头文件</Filter>
    </ClInclude>
    <ClInclude Include="ClassView.h">
      <Filter>头文件</Filter>
    </ClInclude>
    <ClInclude Include="ViewTree.h">
      <Filter>头文件</Filter>
    </ClInclude>
    <ClInclude Include="OutputWnd.h">
      <Filter>头文件</Filter>
    </ClInclude>
    <ClInclude Include="PropertiesWnd.h">
      <Filter>头文件</Filter>
    </ClInclude>
    <ClInclude Include="DBOperator.h">
      <Filter>数据库操作类</Filter>
    </ClInclude>
    <ClInclude Include="Util_String.h">
      <Filter>工具类</Filter>
    </ClInclude>
    <ClInclude Include="Util_XMLDOM.h">
      <Filter>工具类</Filter>
    </ClInclude>
    <ClInclude Include="QuoteWapper.h">
      <Filter>业务逻辑类</Filter>
    </ClInclude>
    <ClInclude Include="QuoteSimpleFactory.h">
      <Filter>业务逻辑类</Filter>
    </ClInclude>
    <ClInclude Include="Quotes.h">
      <Filter>业务逻辑类</Filter>
    </ClInclude>
    <ClInclude Include="TDXQuote.h">
      <Filter>业务逻辑类</Filter>
    </ClInclude>
    <ClInclude Include="YahooQuote.h">
      <Filter>业务逻辑类</Filter>
    </ClInclude>
    <ClInclude Include="IDBInterface.h">
      <Filter>数据库操作类</Filter>
    </ClInclude>
    <ClInclude Include="LitMT.h">
      <Filter>工具类</Filter>
    </ClInclude>
    <ClInclude Include="Log.h">
      <Filter>工具类</Filter>
    </ClInclude>
    <ClInclude Include="QuoteDB.h">
      <Filter>头文件</Filter>
    </ClInclude>
    <ClInclude Include="GSetting.h">
      <Filter>全局设置类</Filter>
    </ClInclude>
    <ClInclude Include="ConstDef.h">
      <Filter>全局设置类</Filter>
    </ClInclude>
    <ClInclude Include="IQuote.h">
      <Filter>业务逻辑类</Filter>
    </ClInclude>
    <ClInclude Include="CommonTool.h">
      <Filter>工具类</Filter>
    </ClInclude>
    <ClInclude Include="Quote_DB.h">
      <Filter>头文件</Filter>
    </ClInclude>
  </ItemGroup>
  <ItemGroup>
    <ClCompile Include="BuddyDesk.cpp">
      <Filter>源文件</Filter>
    </ClCompile>
    <ClCompile Include="stdafx.cpp">
      <Filter>源文件</Filter>
    </ClCompile>
    <ClCompile Include="MainFrm.cpp">
      <Filter>源文件</Filter>
    </ClCompile>
    <ClCompile Include="ChildFrm.cpp">
      <Filter>源文件</Filter>
    </ClCompile>
    <ClCompile Include="BuddyDeskDoc.cpp">
      <Filter>源文件</Filter>
    </ClCompile>
    <ClCompile Include="BuddyDeskView.cpp">
      <Filter>源文件</Filter>
    </ClCompile>
    <ClCompile Include="FileView.cpp">
      <Filter>源文件</Filter>
    </ClCompile>
    <ClCompile Include="ClassView.cpp">
      <Filter>源文件</Filter>
    </ClCompile>
    <ClCompile Include="ViewTree.cpp">
      <Filter>源文件</Filter>
    </ClCompile>
    <ClCompile Include="OutputWnd.cpp">
      <Filter>源文件</Filter>
    </ClCompile>
    <ClCompile Include="PropertiesWnd.cpp">
      <Filter>源文件</Filter>
    </ClCompile>
    <ClCompile Include="DBOperator.cpp">
      <Filter>数据库操作类</Filter>
    </ClCompile>
    <ClCompile Include="Util_XMLDOM.cpp">
      <Filter>工具类</Filter>
    </ClCompile>
    <ClCompile Include="Util_String.cpp">
      <Filter>工具类</Filter>
    </ClCompile>
    <ClCompile Include="Quotes.cpp">
      <Filter>业务逻辑类</Filter>
    </ClCompile>
    <ClCompile Include="QuoteSimpleFactory.cpp">
      <Filter>业务逻辑类</Filter>
    </ClCompile>
    <ClCompile Include="QuoteWapper.cpp">
      <Filter>业务逻辑类</Filter>
    </ClCompile>
    <ClCompile Include="TDXQuote.cpp">
      <Filter>业务逻辑类</Filter>
    </ClCompile>
    <ClCompile Include="YahooQuote.cpp">
      <Filter>业务逻辑类</Filter>
    </ClCompile>
    <ClCompile Include="IDBInterface.cpp">
      <Filter>数据库操作类</Filter>
    </ClCompile>
    <ClCompile Include="Litmt.cpp">
      <Filter>工具类</Filter>
    </ClCompile>
    <ClCompile Include="Log.cpp">
      <Filter>工具类</Filter>
    </ClCompile>
    <ClCompile Include="QuoteDB.cpp">
      <Filter>源文件</Filter>
    </ClCompile>
    <ClCompile Include="GSetting.cpp">
      <Filter>全局设置类</Filter>
    </ClCompile>
    <ClCompile Include="CommonTool.cpp">
      <Filter>工具类</Filter>
    </ClCompile>
    <ClCompile Include="Quote_DB.cpp">
      <Filter>源文件</Filter>
    </ClCompile>
  </ItemGroup>
  <ItemGroup>
    <ResourceCompile Include="BuddyDesk.rc">
      <Filter>资源文件</Filter>
    </ResourceCompile>
  </ItemGroup>
  <ItemGroup>
    <Image Include="res\file_view.ico">
      <Filter>资源文件</Filter>
    </Image>
    <Image Include="res\file_view_hc.ico">
      <Filter>资源文件</Filter>
    </Image>
    <Image Include="res\class_view.ico">
      <Filter>资源文件</Filter>
    </Image>
    <Image Include="res\class_view_hc.ico">
      <Filter>资源文件</Filter>
    </Image>
    <Image Include="res\fileview.bmp">
      <Filter>资源文件</Filter>
    </Image>
    <Image Include="res\fileview_hc.bmp">
      <Filter>资源文件</Filter>
    </Image>
    <Image Include="res\classview.bmp">
      <Filter>资源文件</Filter>
    </Image>
    <Image Include="res\classview_hc.bmp">
      <Filter>资源文件</Filter>
    </Image>
    <Image Include="res\explorer.bmp">
      <Filter>资源文件</Filter>
    </Image>
    <Image Include="res\explorer_hc.bmp">
      <Filter>资源文件</Filter>
    </Image>
    <Image Include="res\sort.bmp">
      <Filter>资源文件</Filter>
    </Image>
    <Image Include="res\sort_hc.bmp">
      <Filter>资源文件</Filter>
    </Image>
    <Image Include="res\menuimages.bmp">
      <Filter>资源文件</Filter>
    </Image>
    <Image Include="res\menuimages_hc.bmp">
      <Filter>资源文件</Filter>
    </Image>
    <Image Include="res\output_wnd.ico">
      <Filter>资源文件</Filter>
    </Image>
    <Image Include="res\output_wnd_hc.ico">
      <Filter>资源文件</Filter>
    </Image>
    <Image Include="res\properties_wnd.ico">
      <Filter>资源文件</Filter>
    </Image>
    <Image Include="res\properties_wnd_hc.ico">
      <Filter>资源文件</Filter>
    </Image>
    <Image Include="res\properties.bmp">
      <Filter>资源文件</Filter>
    </Image>
    <Image Include="res\properties_hc.bmp">
      <Filter>资源文件</Filter>
    </Image>
    <Image Include="UserImages.bmp">
      <Filter>资源文件</Filter>
    </Image>
    <Image Include="res\BuddyDeskDoc.ico">
      <Filter>资源文件</Filter>
    </Image>
    <Image Include="res\BuddyDesk.ico">
      <Filter>资源文件</Filter>
    </Image>
    <Image Include="res\Toolbar.bmp">
      <Filter>资源文件</Filter>
    </Image>
    <Image Include="res\Toolbar256.bmp">
      <Filter>资源文件</Filter>
    </Image>
  </ItemGroup>
  <ItemGroup>
    <None Include="res\BuddyDesk.rc2">
      <Filter>资源文件</Filter>
    </None>
  </ItemGroup>
  <ItemGroup>
    <Xml Include="BuddyConfig.xml">
      <Filter>全局设置类</Filter>
    </Xml>
  </ItemGroup>
</Project>